
Microsoft Visual Studio Solution File, Format Version 12.00
# Visual Studio Version 17
VisualStudioVersion = 17.11.35327.3
MinimumVisualStudioVersion = 10.0.40219.1
Project("{FAE04EC0-301F-11D3-BF4B-00C04F79EFBC}") = "практика 4", "практика 4\практика 4.csproj", "{DAF67F98-FB99-470B-AE2C-247BC5F09E63}"
EndProject
Global
	GlobalSection(SolutionConfigurationPlatforms) = preSolution
		Debug|Any CPU = Debug|Any CPU
		Release|Any CPU = Release|Any CPU
	EndGlobalSection
	GlobalSection(ProjectConfigurationPlatforms) = postSolution
		{DAF67F98-FB99-470B-AE2C-247BC5F09E63}.Debug|Any CPU.ActiveCfg = Debug|Any CPU
		{DAF67F98-FB99-470B-AE2C-247BC5F09E63}.Debug|Any CPU.Build.0 = Debug|Any CPU
		{DAF67F98-FB99-470B-AE2C-247BC5F09E63}.Release|Any CPU.ActiveCfg = Release|Any CPU
		{DAF67F98-FB99-470B-AE2C-247BC5F09E63}.Release|Any CPU.Build.0 = Release|Any CPU
	EndGlobalSection
	GlobalSection(SolutionProperties) = preSolution
		HideSolutionNode = FALSE
	EndGlobalSection
	GlobalSection(ExtensibilityGlobals) = postSolution
		SolutionGuid = {63E60BEA-D699-407A-A718-C6F85CC3DA39}
	EndGlobalSection
EndGlobal
